<?xml version="1.0" encoding="utf-8"?>
<Project ToolsVersion="4.0" xmlns="http://schemas.microsoft.com/developer/msbuild/2003">
  <ItemGroup>
    <Filter Include="Source Files">
      <UniqueIdentifier>{4FC737F1-C7A5-4376-A066-2A32D752A2FF}</UniqueIdentifier>
      <Extensions>cpp;c;cc;cxx;def;odl;idl;hpj;bat;asm;asmx</Extensions>
    </Filter>
    <Filter Include="Header Files">
      <UniqueIdentifier>{93995380-89BD-4b04-88EB-625FBE52EBFB}</UniqueIdentifier>
      <Extensions>h;hpp;hxx;hm;inl;inc;xsd</Extensions>
    </Filter>
    <Filter Include="Resource Files">
      <UniqueIdentifier>{67DA6AB6-F800-4c08-8B7A-83BB121AAD01}</UniqueIdentifier>
      <Extensions>rc;ico;cur;bmp;dlg;rc2;rct;bin;rgs;gif;jpg;jpeg;jpe;resx;tiff;tif;png;wav;mfcribbon-ms</Extensions>
    </Filter>
  </ItemGroup>
  <ItemGroup>
    <None Include="servo_slow_movement.ino" />
    <None Include="HexaLegSegment.ino" />
  </ItemGroup>
  <ItemGroup>
    <ClInclude Include="Visual Micro\.servo_slow_movement.vsarduino.h">
      <Filter>Header Files</Filter>
    </ClInclude>
    <ClInclude Include="HexaLegSegment.h">
      <Filter>Header Files</Filter>
    </ClInclude>
    <ClInclude Include="HexaLeg.h">
      <Filter>Header Files</Filter>
    </ClInclude>
    <ClInclude Include="TripodMovement.h">
      <Filter>Header Files</Filter>
    </ClInclude>
    <ClInclude Include="ResetMovement.h">
      <Filter>Header Files</Filter>
    </ClInclude>
    <ClInclude Include="Defines.h">
      <Filter>Header Files</Filter>
    </ClInclude>
    <ClInclude Include="MovementSequence.h">
      <Filter>Header Files</Filter>
    </ClInclude>
    <ClInclude Include="FastTrigo\fasttrigo.h">
      <Filter>Header Files</Filter>
    </ClInclude>
    <ClInclude Include="test.h">
      <Filter>Header Files</Filter>
    </ClInclude>
  </ItemGroup>
  <ItemGroup>
    <ClCompile Include="ResetMovement.cpp">
      <Filter>Source Files</Filter>
    </ClCompile>
    <ClCompile Include="HexaLeg.ino">
      <Filter>Source Files</Filter>
    </ClCompile>
    <ClCompile Include="MovementSequence.cpp">
      <Filter>Source Files</Filter>
    </ClCompile>
    <ClCompile Include="FastTrigo\fasttrigo.cpp">
      <Filter>Source Files</Filter>
    </ClCompile>
    <ClCompile Include="test.cpp">
      <Filter>Source Files</Filter>
    </ClCompile>
  </ItemGroup>
</Project>