
Microsoft Visual Studio Solution File, Format Version 12.00
# Visual Studio 2012
Project("{8BC9CEB8-8B4A-11D0-8D11-00A0C91BC942}") = "servo_slow_movement", "servo_slow_movement.vcxproj", "{E443C690-5591-4182-BAC1-11574CC782CC}"
EndProject
Global
	GlobalSection(SolutionConfigurationPlatforms) = preSolution
		Debug|Win32 = Debug|Win32
		Release|Win32 = Release|Win32
	EndGlobalSection
	GlobalSection(ProjectConfigurationPlatforms) = postSolution
		{E443C690-5591-4182-BAC1-11574CC782CC}.Debug|Win32.ActiveCfg = Debug|Win32
		{E443C690-5591-4182-BAC1-11574CC782CC}.Debug|Win32.Build.0 = Debug|Win32
		{E443C690-5591-4182-BAC1-11574CC782CC}.Release|Win32.ActiveCfg = Release|Win32
		{E443C690-5591-4182-BAC1-11574CC782CC}.Release|Win32.Build.0 = Release|Win32
	EndGlobalSection
	GlobalSection(SolutionProperties) = preSolution
		HideSolutionNode = FALSE
	EndGlobalSection
EndGlobal
